
Microsoft Visual Studio Solution File, Format Version 12.00
# Visual Studio Version 17
VisualStudioVersion = 17.12.35707.178 d17.12
MinimumVisualStudioVersion = 10.0.40219.1
Project("{FAE04EC0-301F-11D3-BF4B-00C04F79EFBC}") = "LABORATORIO_JoseLozano_VA_27", "LABORATORIO_JoseLozano_VA_27\LABORATORIO_JoseLozano_VA_27.csproj", "{AE380E7D-7336-4003-A000-EBAB4BFC761B}"
EndProject
Global
	GlobalSection(SolutionConfigurationPlatforms) = preSolution
		Debug|Any CPU = Debug|Any CPU
		Release|Any CPU = Release|Any CPU
	EndGlobalSection
	GlobalSection(ProjectConfigurationPlatforms) = postSolution
		{AE380E7D-7336-4003-A000-EBAB4BFC761B}.Debug|Any CPU.ActiveCfg = Debug|Any CPU
		{AE380E7D-7336-4003-A000-EBAB4BFC761B}.Debug|Any CPU.Build.0 = Debug|Any CPU
		{AE380E7D-7336-4003-A000-EBAB4BFC761B}.Release|Any CPU.ActiveCfg = Release|Any CPU
		{AE380E7D-7336-4003-A000-EBAB4BFC761B}.Release|Any CPU.Build.0 = Release|Any CPU
	EndGlobalSection
	GlobalSection(SolutionProperties) = preSolution
		HideSolutionNode = FALSE
	EndGlobalSection
EndGlobal
